// !$*UTF8*$!
{
	archiveVersion = 1;
	classes = {
	};
	objectVersion = 56;
	objects = {

/* Begin PBXBuildFile section */
		7E4A38E02991696900928DCB /* AppDelegate.swift in Sources */ = {isa = PBXBuildFile; fileRef = 7E4A38DF2991696900928DCB /* AppDelegate.swift */; };
		7E4A38E22991696900928DCB /* SceneDelegate.swift in Sources */ = {isa = PBXBuildFile; fileRef = 7E4A38E12991696900928DCB /* SceneDelegate.swift */; };
		7E4A38E42991696900928DCB /* ViewController.swift in Sources */ = {isa = PBXBuildFile; fileRef = 7E4A38E32991696900928DCB /* ViewController.swift */; };
		7E4A38E72991696900928DCB /* Main.storyboard in Resources */ = {isa = PBXBuildFile; fileRef = 7E4A38E52991696900928DCB /* Main.storyboard */; };
		7E4A38E92991696B00928DCB /* Assets.xcassets in Resources */ = {isa = PBXBuildFile; fileRef = 7E4A38E82991696B00928DCB /* Assets.xcassets */; };
		7E4A38EC2991696B00928DCB /* LaunchScreen.storyboard in Resources */ = {isa = PBXBuildFile; fileRef = 7E4A38EA2991696B00928DCB /* LaunchScreen.storyboard */; };
		7E4A38F72991696B00928DCB /* AboutMe_LabTests.swift in Sources */ = {isa = PBXBuildFile; fileRef = 7E4A38F62991696B00928DCB /* AboutMe_LabTests.swift */; };
		7E4A39012991696B00928DCB /* AboutMe_LabUITests.swift in Sources */ = {isa = PBXBuildFile; fileRef = 7E4A39002991696B00928DCB /* AboutMe_LabUITests.swift */; };
		7E4A39032991696B00928DCB /* AboutMe_LabUITestsLaunchTests.swift in Sources */ = {isa = PBXBuildFile; fileRef = 7E4A39022991696B00928DCB /* AboutMe_LabUITestsLaunchTests.swift */; };
/* End PBXBuildFile section */

/* Begin PBXContainerItemProxy section */
		7E4A38F32991696B00928DCB /* PBXContainerItemProxy */ = {
			isa = PBXContainerItemProxy;
			containerPortal = 7E4A38D42991696900928DCB /* Project object */;
			proxyType = 1;
			remoteGlobalIDString = 7E4A38DB2991696900928DCB;
			remoteInfo = "AboutMe Lab";
		};
		7E4A38FD2991696B00928DCB /* PBXContainerItemProxy */ = {
			isa = PBXContainerItemProxy;
			containerPortal = 7E4A38D42991696900928DCB /* Project object */;
			proxyType = 1;
			remoteGlobalIDString = 7E4A38DB2991696900928DCB;
			remoteInfo = "AboutMe Lab";
		};
/* End PBXContainerItemProxy section */

/* Begin PBXFileReference section */
		7E4A38DC2991696900928DCB /* AboutMe Lab.app */ = {isa = PBXFileReference; explicitFileType = wrapper.application; includeInIndex = 0; path = "AboutMe Lab.app"; sourceTree = BUILT_PRODUCTS_DIR; };
		7E4A38DF2991696900928DCB /* AppDelegate.swift */ = {isa = PBXFileReference; lastKnownFileType = sourcecode.swift; path = AppDelegate.swift; sourceTree = "<group>"; };
		7E4A38E12991696900928DCB /* SceneDelegate.swift */ = {isa = PBXFileReference; lastKnownFileType = sourcecode.swift; path = SceneDelegate.swift; sourceTree = "<group>"; };
		7E4A38E32991696900928DCB /* ViewController.swift */ = {isa = PBXFileReference; lastKnownFileType = sourcecode.swift; path = ViewController.swift; sourceTree = "<group>"; };
		7E4A38E62991696900928DCB /* Base */ = {isa = PBXFileReference; lastKnownFileType = file.storyboard; name = Base; path = Base.lproj/Main.storyboard; sourceTree = "<group>"; };
		7E4A38E82991696B00928DCB /* Assets.xcassets */ = {isa = PBXFileReference; lastKnownFileType = folder.assetcatalog; path = Assets.xcassets; sourceTree = "<group>"; };
		7E4A38EB2991696B00928DCB /* Base */ = {isa = PBXFileReference; lastKnownFileType = file.storyboard; name = Base; path = Base.lproj/LaunchScreen.storyboard; sourceTree = "<group>"; };
		7E4A38ED2991696B00928DCB /* Info.plist */ = {isa = PBXFileReference; lastKnownFileType = text.plist.xml; path = Info.plist; sourceTree = "<group>"; };
		7E4A38F22991696B00928DCB /* AboutMe LabTests.xctest */ = {isa = PBXFileReference; explicitFileType = wrapper.cfbundle; includeInIndex = 0; path = "AboutMe LabTests.xctest"; sourceTree = BUILT_PRODUCTS_DIR; };
		7E4A38F62991696B00928DCB /* AboutMe_LabTests.swift */ = {isa = PBXFileReference; lastKnownFileType = sourcecode.swift; path = AboutMe_LabTests.swift; sourceTree = "<group>"; };
		7E4A38FC2991696B00928DCB /* AboutMe LabUITests.xctest */ = {isa = PBXFileReference; explicitFileType = wrapper.cfbundle; includeInIndex = 0; path = "AboutMe LabUITests.xctest"; sourceTree = BUILT_PRODUCTS_DIR; };
		7E4A39002991696B00928DCB /* AboutMe_LabUITests.swift */ = {isa = PBXFileReference; lastKnownFileType = sourcecode.swift; path = AboutMe_LabUITests.swift; sourceTree = "<group>"; };
		7E4A39022991696B00928DCB /* AboutMe_LabUITestsLaunchTests.swift */ = {isa = PBXFileReference; lastKnownFileType = sourcecode.swift; path = AboutMe_LabUITestsLaunchTests.swift; sourceTree = "<group>"; };
/* End PBXFileReference section */

/* Begin PBXFrameworksBuildPhase section */
		7E4A38D92991696900928DCB /* Frameworks */ = {
			isa = PBXFrameworksBuildPhase;
			buildActionMask = 2147483647;
			files = (
			);
			runOnlyForDeploymentPostprocessing = 0;
		};
		7E4A38EF2991696B00928DCB /* Frameworks */ = {
			isa = PBXFrameworksBuildPhase;
			buildActionMask = 2147483647;
			files = (
			);
			runOnlyForDeploymentPostprocessing = 0;
		};
		7E4A38F92991696B00928DCB /* Frameworks */ = {
			isa = PBXFrameworksBuildPhase;
			buildActionMask = 2147483647;
			files = (
			);
			runOnlyForDeploymentPostprocessing = 0;
		};
/* End PBXFrameworksBuildPhase section */

/* Begin PBXGroup section */
		7E4A38D32991696900928DCB = {
			isa = PBXGroup;
			children = (
				7E4A38DE2991696900928DCB /* AboutMe Lab */,
				7E4A38F52991696B00928DCB /* AboutMe LabTests */,
				7E4A38FF2991696B00928DCB /* AboutMe LabUITests */,
				7E4A38DD2991696900928DCB /* Products */,
			);
			sourceTree = "<group>";
		};
		7E4A38DD2991696900928DCB /* Products */ = {
			isa = PBXGroup;
			children = (
				7E4A38DC2991696900928DCB /* AboutMe Lab.app */,
				7E4A38F22991696B00928DCB /* AboutMe LabTests.xctest */,
				7E4A38FC2991696B00928DCB /* AboutMe LabUITests.xctest */,
			);
			name = Products;
			sourceTree = "<group>";
		};
		7E4A38DE2991696900928DCB /* AboutMe Lab */ = {
			isa = PBXGroup;
			children = (
				7E4A38DF2991696900928DCB /* AppDelegate.swift */,
				7E4A38E12991696900928DCB /* SceneDelegate.swift */,
				7E4A38E32991696900928DCB /* ViewController.swift */,
				7E4A38E52991696900928DCB /* Main.storyboard */,
				7E4A38E82991696B00928DCB /* Assets.xcassets */,
				7E4A38EA2991696B00928DCB /* LaunchScreen.storyboard */,
				7E4A38ED2991696B00928DCB /* Info.plist */,
			);
			path = "AboutMe Lab";
			sourceTree = "<group>";
		};
		7E4A38F52991696B00928DCB /* AboutMe LabTests */ = {
			isa = PBXGroup;
			children = (
				7E4A38F62991696B00928DCB /* AboutMe_LabTests.swift */,
			);
			path = "AboutMe LabTests";
			sourceTree = "<group>";
		};
		7E4A38FF2991696B00928DCB /* AboutMe LabUITests */ = {
			isa = PBXGroup;
			children = (
				7E4A39002991696B00928DCB /* AboutMe_LabUITests.swift */,
				7E4A39022991696B00928DCB /* AboutMe_LabUITestsLaunchTests.swift */,
			);
			path = "AboutMe LabUITests";
			sourceTree = "<group>";
		};
/* End PBXGroup section */

/* Begin PBXNativeTarget section */
		7E4A38DB2991696900928DCB /* AboutMe Lab */ = {
			isa = PBXNativeTarget;
			buildConfigurationList = 7E4A39062991696B00928DCB /* Build configuration list for PBXNativeTarget "AboutMe Lab" */;
			buildPhases = (
				7E4A38D82991696900928DCB /* Sources */,
				7E4A38D92991696900928DCB /* Frameworks */,
				7E4A38DA2991696900928DCB /* Resources */,
			);
			buildRules = (
			);
			dependencies = (
			);
			name = "AboutMe Lab";
			productName = "AboutMe Lab";
			productReference = 7E4A38DC2991696900928DCB /* AboutMe Lab.app */;
			productType = "com.apple.product-type.application";
		};
		7E4A38F12991696B00928DCB /* AboutMe LabTests */ = {
			isa = PBXNativeTarget;
			buildConfigurationList = 7E4A39092991696B00928DCB /* Build configuration list for PBXNativeTarget "AboutMe LabTests" */;
			buildPhases = (
				7E4A38EE2991696B00928DCB /* Sources */,
				7E4A38EF2991696B00928DCB /* Frameworks */,
				7E4A38F02991696B00928DCB /* Resources */,
			);
			buildRules = (
			);
			dependencies = (
				7E4A38F42991696B00928DCB /* PBXTargetDependency */,
			);
			name = "AboutMe LabTests";
			productName = "AboutMe LabTests";
			productReference = 7E4A38F22991696B00928DCB /* AboutMe LabTests.xctest */;
			productType = "com.apple.product-type.bundle.unit-test";
		};
		7E4A38FB2991696B00928DCB /* AboutMe LabUITests */ = {
			isa = PBXNativeTarget;
			buildConfigurationList = 7E4A390C2991696B00928DCB /* Build configuration list for PBXNativeTarget "AboutMe LabUITests" */;
			buildPhases = (
				7E4A38F82991696B00928DCB /* Sources */,
				7E4A38F92991696B00928DCB /* Frameworks */,
				7E4A38FA2991696B00928DCB /* Resources */,
			);
			buildRules = (
			);
			dependencies = (
				7E4A38FE2991696B00928DCB /* PBXTargetDependency */,
			);
			name = "AboutMe LabUITests";
			productName = "AboutMe LabUITests";
			productReference = 7E4A38FC2991696B00928DCB /* AboutMe LabUITests.xctest */;
			productType = "com.apple.product-type.bundle.ui-testing";
		};
/* End PBXNativeTarget section */

/* Begin PBXProject section */
		7E4A38D42991696900928DCB /* Project object */ = {
			isa = PBXProject;
			attributes = {
				BuildIndependentTargetsInParallel = 1;
				LastSwiftUpdateCheck = 1420;
				LastUpgradeCheck = 1420;
				TargetAttributes = {
					7E4A38DB2991696900928DCB = {
						CreatedOnToolsVersion = 14.2;
					};
					7E4A38F12991696B00928DCB = {
						CreatedOnToolsVersion = 14.2;
						TestTargetID = 7E4A38DB2991696900928DCB;
					};
					7E4A38FB2991696B00928DCB = {
						CreatedOnToolsVersion = 14.2;
						TestTargetID = 7E4A38DB2991696900928DCB;
					};
				};
			};
			buildConfigurationList = 7E4A38D72991696900928DCB /* Build configuration list for PBXProject "AboutMe Lab" */;
			compatibilityVersion = "Xcode 14.0";
			developmentRegion = en;
			hasScannedForEncodings = 0;
			knownRegions = (
				en,
				Base,
			);
			mainGroup = 7E4A38D32991696900928DCB;
			productRefGroup = 7E4A38DD2991696900928DCB /* Products */;
			projectDirPath = "";
			projectRoot = "";
			targets = (
				7E4A38DB2991696900928DCB /* AboutMe Lab */,
				7E4A38F12991696B00928DCB /* AboutMe LabTests */,
				7E4A38FB2991696B00928DCB /* AboutMe LabUITests */,
			);
		};
/* End PBXProject section */

/* Begin PBXResourcesBuildPhase section */
		7E4A38DA2991696900928DCB /* Resources */ = {
			isa = PBXResourcesBuildPhase;
			buildActionMask = 2147483647;
			files = (
				7E4A38EC2991696B00928DCB /* LaunchScreen.storyboard in Resources */,
				7E4A38E92991696B00928DCB /* Assets.xcassets in Resources */,
				7E4A38E72991696900928DCB /* Main.storyboard in Resources */,
			);
			runOnlyForDeploymentPostprocessing = 0;
		};
		7E4A38F02991696B00928DCB /* Resources */ = {
			isa = PBXResourcesBuildPhase;
			buildActionMask = 2147483647;
			files = (
			);
			runOnlyForDeploymentPostprocessing = 0;
		};
		7E4A38FA2991696B00928DCB /* Resources */ = {
			isa = PBXResourcesBuildPhase;
			buildActionMask = 2147483647;
			files = (
			);
			runOnlyForDeploymentPostprocessing = 0;
		};
/* End PBXResourcesBuildPhase section */

/* Begin PBXSourcesBuildPhase section */
		7E4A38D82991696900928DCB /* Sources */ = {
			isa = PBXSourcesBuildPhase;
			buildActionMask = 2147483647;
			files = (
				7E4A38E42991696900928DCB /* ViewController.swift in Sources */,
				7E4A38E02991696900928DCB /* AppDelegate.swift in Sources */,
				7E4A38E22991696900928DCB /* SceneDelegate.swift in Sources */,
			);
			runOnlyForDeploymentPostprocessing = 0;
		};
		7E4A38EE2991696B00928DCB /* Sources */ = {
			isa = PBXSourcesBuildPhase;
			buildActionMask = 2147483647;
			files = (
				7E4A38F72991696B00928DCB /* AboutMe_LabTests.swift in Sources */,
			);
			runOnlyForDeploymentPostprocessing = 0;
		};
		7E4A38F82991696B00928DCB /* Sources */ = {
			isa = PBXSourcesBuildPhase;
			buildActionMask = 2147483647;
			files = (
				7E4A39032991696B00928DCB /* AboutMe_LabUITestsLaunchTests.swift in Sources */,
				7E4A39012991696B00928DCB /* AboutMe_LabUITests.swift in Sources */,
			);
			runOnlyForDeploymentPostprocessing = 0;
		};
/* End PBXSourcesBuildPhase section */

/* Begin PBXTargetDependency section */
		7E4A38F42991696B00928DCB /* PBXTargetDependency */ = {
			isa = PBXTargetDependency;
			target = 7E4A38DB2991696900928DCB /* AboutMe Lab */;
			targetProxy = 7E4A38F32991696B00928DCB /* PBXContainerItemProxy */;
		};
		7E4A38FE2991696B00928DCB /* PBXTargetDependency */ = {
			isa = PBXTargetDependency;
			target = 7E4A38DB2991696900928DCB /* AboutMe Lab */;
			targetProxy = 7E4A38FD2991696B00928DCB /* PBXContainerItemProxy */;
		};
/* End PBXTargetDependency section */

/* Begin PBXVariantGroup section */
		7E4A38E52991696900928DCB /* Main.storyboard */ = {
			isa = PBXVariantGroup;
			children = (
				7E4A38E62991696900928DCB /* Base */,
			);
			name = Main.storyboard;
			sourceTree = "<group>";
		};
		7E4A38EA2991696B00928DCB /* LaunchScreen.storyboard */ = {
			isa = PBXVariantGroup;
			children = (
				7E4A38EB2991696B00928DCB /* Base */,
			);
			name = LaunchScreen.storyboard;
			sourceTree = "<group>";
		};
/* End PBXVariantGroup section */

/* Begin XCBuildConfiguration section */
		7E4A39042991696B00928DCB /* Debug */ = {
			isa = XCBuildConfiguration;
			buildSettings = {
				ALWAYS_SEARCH_USER_PATHS = NO;
				CLANG_ANALYZER_NONNULL = YES;
				CLANG_ANALYZER_NUMBER_OBJECT_CONVERSION = YES_AGGRESSIVE;
				CLANG_CXX_LANGUAGE_STANDARD = "gnu++20";
				CLANG_ENABLE_MODULES = YES;
				CLANG_ENABLE_OBJC_ARC = YES;
				CLANG_ENABLE_OBJC_WEAK = YES;
				CLANG_WARN_BLOCK_CAPTURE_AUTORELEASING = YES;
				CLANG_WARN_BOOL_CONVERSION = YES;
				CLANG_WARN_COMMA = YES;
				CLANG_WARN_CONSTANT_CONVERSION = YES;
				CLANG_WARN_DEPRECATED_OBJC_IMPLEMENTATIONS = YES;
				CLANG_WARN_DIRECT_OBJC_ISA_USAGE = YES_ERROR;
				CLANG_WARN_DOCUMENTATION_COMMENTS = YES;
				CLANG_WARN_EMPTY_BODY = YES;
				CLANG_WARN_ENUM_CONVERSION = YES;
				CLANG_WARN_INFINITE_RECURSION = YES;
				CLANG_WARN_INT_CONVERSION = YES;
				CLANG_WARN_NON_LITERAL_NULL_CONVERSION = YES;
				CLANG_WARN_OBJC_IMPLICIT_RETAIN_SELF = YES;
				CLANG_WARN_OBJC_LITERAL_CONVERSION = YES;
				CLANG_WARN_OBJC_ROOT_CLASS = YES_ERROR;
				CLANG_WARN_QUOTED_INCLUDE_IN_FRAMEWORK_HEADER = YES;
				CLANG_WARN_RANGE_LOOP_ANALYSIS = YES;
				CLANG_WARN_STRICT_PROTOTYPES = YES;
				CLANG_WARN_SUSPICIOUS_MOVE = YES;
				CLANG_WARN_UNGUARDED_AVAILABILITY = YES_AGGRESSIVE;
				CLANG_WARN_UNREACHABLE_CODE = YES;
				CLANG_WARN__DUPLICATE_METHOD_MATCH = YES;
				COPY_PHASE_STRIP = NO;
				DEBUG_INFORMATION_FORMAT = dwarf;
				ENABLE_STRICT_OBJC_MSGSEND = YES;
				ENABLE_TESTABILITY = YES;
				GCC_C_LANGUAGE_STANDARD = gnu11;
				GCC_DYNAMIC_NO_PIC = NO;
				GCC_NO_COMMON_BLOCKS = YES;
				GCC_OPTIMIZATION_LEVEL = 0;
				GCC_PREPROCESSOR_DEFINITIONS = (
					"DEBUG=1",
					"$(inherited)",
				);
				GCC_WARN_64_TO_32_BIT_CONVERSION = YES;
				GCC_WARN_ABOUT_RETURN_TYPE = YES_ERROR;
				GCC_WARN_UNDECLARED_SELECTOR = YES;
				GCC_WARN_UNINITIALIZED_AUTOS = YES_AGGRESSIVE;
				GCC_WARN_UNUSED_FUNCTION = YES;
				GCC_WARN_UNUSED_VARIABLE = YES;
				IPHONEOS_DEPLOYMENT_TARGET = 16.2;
				MTL_ENABLE_DEBUG_INFO = INCLUDE_SOURCE;
				MTL_FAST_MATH = YES;
				ONLY_ACTIVE_ARCH = YES;
				SDKROOT = iphoneos;
				SWIFT_ACTIVE_COMPILATION_CONDITIONS = DEBUG;
				SWIFT_OPTIMIZATION_LEVEL = "-Onone";
			};
			name = Debug;
		};
		7E4A39052991696B00928DCB /* Release */ = {
			isa = XCBuildConfiguration;
			buildSettings = {
				ALWAYS_SEARCH_USER_PATHS = NO;
				CLANG_ANALYZER_NONNULL = YES;
				CLANG_ANALYZER_NUMBER_OBJECT_CONVERSION = YES_AGGRESSIVE;
				CLANG_CXX_LANGUAGE_STANDARD = "gnu++20";
				CLANG_ENABLE_MODULES = YES;
				CLANG_ENABLE_OBJC_ARC = YES;
				CLANG_ENABLE_OBJC_WEAK = YES;
				CLANG_WARN_BLOCK_CAPTURE_AUTORELEASING = YES;
				CLANG_WARN_BOOL_CONVERSION = YES;
				CLANG_WARN_COMMA = YES;
				CLANG_WARN_CONSTANT_CONVERSION = YES;
				CLANG_WARN_DEPRECATED_OBJC_IMPLEMENTATIONS = YES;
				CLANG_WARN_DIRECT_OBJC_ISA_USAGE = YES_ERROR;
				CLANG_WARN_DOCUMENTATION_COMMENTS = YES;
				CLANG_WARN_EMPTY_BODY = YES;
				CLANG_WARN_ENUM_CONVERSION = YES;
				CLANG_WARN_INFINITE_RECURSION = YES;
				CLANG_WARN_INT_CONVERSION = YES;
				CLANG_WARN_NON_LITERAL_NULL_CONVERSION = YES;
				CLANG_WARN_OBJC_IMPLICIT_RETAIN_SELF = YES;
				CLANG_WARN_OBJC_LITERAL_CONVERSION = YES;
				CLANG_WARN_OBJC_ROOT_CLASS = YES_ERROR;
				CLANG_WARN_QUOTED_INCLUDE_IN_FRAMEWORK_HEADER = YES;
				CLANG_WARN_RANGE_LOOP_ANALYSIS = YES;
				CLANG_WARN_STRICT_PROTOTYPES = YES;
				CLANG_WARN_SUSPICIOUS_MOVE = YES;
				CLANG_WARN_UNGUARDED_AVAILABILITY = YES_AGGRESSIVE;
				CLANG_WARN_UNREACHABLE_CODE = YES;
				CLANG_WARN__DUPLICATE_METHOD_MATCH = YES;
				COPY_PHASE_STRIP = NO;
				DEBUG_INFORMATION_FORMAT = "dwarf-with-dsym";
				ENABLE_NS_ASSERTIONS = NO;
				ENABLE_STRICT_OBJC_MSGSEND = YES;
				GCC_C_LANGUAGE_STANDARD = gnu11;
				GCC_NO_COMMON_BLOCKS = YES;
				GCC_WARN_64_TO_32_BIT_CONVERSION = YES;
				GCC_WARN_ABOUT_RETURN_TYPE = YES_ERROR;
				GCC_WARN_UNDECLARED_SELECTOR = YES;
				GCC_WARN_UNINITIALIZED_AUTOS = YES_AGGRESSIVE;
				GCC_WARN_UNUSED_FUNCTION = YES;
				GCC_WARN_UNUSED_VARIABLE = YES;
				IPHONEOS_DEPLOYMENT_TARGET = 16.2;
				MTL_ENABLE_DEBUG_INFO = NO;
				MTL_FAST_MATH = YES;
				SDKROOT = iphoneos;
				SWIFT_COMPILATION_MODE = wholemodule;
				SWIFT_OPTIMIZATION_LEVEL = "-O";
				VALIDATE_PRODUCT = YES;
			};
			name = Release;
		};
		7E4A39072991696B00928DCB /* Debug */ = {
			isa = XCBuildConfiguration;
			buildSettings = {
				ASSETCATALOG_COMPILER_APPICON_NAME = AppIcon;
				ASSETCATALOG_COMPILER_GLOBAL_ACCENT_COLOR_NAME = AccentColor;
				CODE_SIGN_STYLE = Automatic;
				CURRENT_PROJECT_VERSION = 1;
				DEVELOPMENT_TEAM = P37BL29UZP;
				GENERATE_INFOPLIST_FILE = YES;
				INFOPLIST_FILE = "AboutMe Lab/Info.plist";
				INFOPLIST_KEY_UIApplicationSupportsIndirectInputEvents = YES;
				INFOPLIST_KEY_UILaunchStoryboardName = LaunchScreen;
				INFOPLIST_KEY_UIMainStoryboardFile = Main;
				INFOPLIST_KEY_UISupportedInterfaceOrientations_iPad = "UIInterfaceOrientationPortrait UIInterfaceOrientationPortraitUpsideDown UIInterfaceOrientationLandscapeLeft UIInterfaceOrientationLandscapeRight";
				INFOPLIST_KEY_UISupportedInterfaceOrientations_iPhone = "UIInterfaceOrientationPortrait UIInterfaceOrientationLandscapeLeft UIInterfaceOrientationLandscapeRight";
				LD_RUNPATH_SEARCH_PATHS = (
					"$(inherited)",
					"@executable_path/Frameworks",
				);
				MARKETING_VERSION = 1.0;
				PRODUCT_BUNDLE_IDENTIFIER = "m0resleepstudios.AboutMe-Lab";
				PRODUCT_NAME = "$(TARGET_NAME)";
				SWIFT_EMIT_LOC_STRINGS = YES;
				SWIFT_VERSION = 5.0;
				TARGETED_DEVICE_FAMILY = "1,2";
			};
			name = Debug;
		};
		7E4A39082991696B00928DCB /* Release */ = {
			isa = XCBuildConfiguration;
			buildSettings = {
				ASSETCATALOG_COMPILER_APPICON_NAME = AppIcon;
				ASSETCATALOG_COMPILER_GLOBAL_ACCENT_COLOR_NAME = AccentColor;
				CODE_SIGN_STYLE = Automatic;
				CURRENT_PROJECT_VERSION = 1;
				DEVELOPMENT_TEAM = P37BL29UZP;
				GENERATE_INFOPLIST_FILE = YES;
				INFOPLIST_FILE = "AboutMe Lab/Info.plist";
				INFOPLIST_KEY_UIApplicationSupportsIndirectInputEvents = YES;
				INFOPLIST_KEY_UILaunchStoryboardName = LaunchScreen;
				INFOPLIST_KEY_UIMainStoryboardFile = Main;
				INFOPLIST_KEY_UISupportedInterfaceOrientations_iPad = "UIInterfaceOrientationPortrait UIInterfaceOrientationPortraitUpsideDown UIInterfaceOrientationLandscapeLeft UIInterfaceOrientationLandscapeRight";
				INFOPLIST_KEY_UISupportedInterfaceOrientations_iPhone = "UIInterfaceOrientationPortrait UIInterfaceOrientationLandscapeLeft UIInterfaceOrientationLandscapeRight";
				LD_RUNPATH_SEARCH_PATHS = (
					"$(inherited)",
					"@executable_path/Frameworks",
				);
				MARKETING_VERSION = 1.0;
				PRODUCT_BUNDLE_IDENTIFIER = "m0resleepstudios.AboutMe-Lab";
				PRODUCT_NAME = "$(TARGET_NAME)";
				SWIFT_EMIT_LOC_STRINGS = YES;
				SWIFT_VERSION = 5.0;
				TARGETED_DEVICE_FAMILY = "1,2";
			};
			name = Release;
		};
		7E4A390A2991696B00928DCB /* Debug */ = {
			isa = XCBuildConfiguration;
			buildSettings = {
				ALWAYS_EMBED_SWIFT_STANDARD_LIBRARIES = YES;
				BUNDLE_LOADER = "$(TEST_HOST)";
				CODE_SIGN_STYLE = Automatic;
				CURRENT_PROJECT_VERSION = 1;
				DEVELOPMENT_TEAM = P37BL29UZP;
				GENERATE_INFOPLIST_FILE = YES;
				IPHONEOS_DEPLOYMENT_TARGET = 16.2;
				MARKETING_VERSION = 1.0;
				PRODUCT_BUNDLE_IDENTIFIER = "m0resleepstudios.AboutMe-LabTests";
				PRODUCT_NAME = "$(TARGET_NAME)";
				SWIFT_EMIT_LOC_STRINGS = NO;
				SWIFT_VERSION = 5.0;
				TARGETED_DEVICE_FAMILY = "1,2";
				TEST_HOST = "$(BUILT_PRODUCTS_DIR)/AboutMe Lab.app/$(BUNDLE_EXECUTABLE_FOLDER_PATH)/AboutMe Lab";
			};
			name = Debug;
		};
		7E4A390B2991696B00928DCB /* Release */ = {
			isa = XCBuildConfiguration;
			buildSettings = {
				ALWAYS_EMBED_SWIFT_STANDARD_LIBRARIES = YES;
				BUNDLE_LOADER = "$(TEST_HOST)";
				CODE_SIGN_STYLE = Automatic;
				CURRENT_PROJECT_VERSION = 1;
				DEVELOPMENT_TEAM = P37BL29UZP;
				GENERATE_INFOPLIST_FILE = YES;
				IPHONEOS_DEPLOYMENT_TARGET = 16.2;
				MARKETING_VERSION = 1.0;
				PRODUCT_BUNDLE_IDENTIFIER = "m0resleepstudios.AboutMe-LabTests";
				PRODUCT_NAME = "$(TARGET_NAME)";
				SWIFT_EMIT_LOC_STRINGS = NO;
				SWIFT_VERSION = 5.0;
				TARGETED_DEVICE_FAMILY = "1,2";
				TEST_HOST = "$(BUILT_PRODUCTS_DIR)/AboutMe Lab.app/$(BUNDLE_EXECUTABLE_FOLDER_PATH)/AboutMe Lab";
			};
			name = Release;
		};
		7E4A390D2991696B00928DCB /* Debug */ = {
			isa = XCBuildConfiguration;
			buildSettings = {
				ALWAYS_EMBED_SWIFT_STANDARD_LIBRARIES = YES;
				CODE_SIGN_STYLE = Automatic;
				CURRENT_PROJECT_VERSION = 1;
				DEVELOPMENT_TEAM = P37BL29UZP;
				GENERATE_INFOPLIST_FILE = YES;
				MARKETING_VERSION = 1.0;
				PRODUCT_BUNDLE_IDENTIFIER = "m0resleepstudios.AboutMe-LabUITests";
				PRODUCT_NAME = "$(TARGET_NAME)";
				SWIFT_EMIT_LOC_STRINGS = NO;
				SWIFT_VERSION = 5.0;
				TARGETED_DEVICE_FAMILY = "1,2";
				TEST_TARGET_NAME = "AboutMe Lab";
			};
			name = Debug;
		};
		7E4A390E2991696B00928DCB /* Release */ = {
			isa = XCBuildConfiguration;
			buildSettings = {
				ALWAYS_EMBED_SWIFT_STANDARD_LIBRARIES = YES;
				CODE_SIGN_STYLE = Automatic;
				CURRENT_PROJECT_VERSION = 1;
				DEVELOPMENT_TEAM = P37BL29UZP;
				GENERATE_INFOPLIST_FILE = YES;
				MARKETING_VERSION = 1.0;
				PRODUCT_BUNDLE_IDENTIFIER = "m0resleepstudios.AboutMe-LabUITests";
				PRODUCT_NAME = "$(TARGET_NAME)";
				SWIFT_EMIT_LOC_STRINGS = NO;
				SWIFT_VERSION = 5.0;
				TARGETED_DEVICE_FAMILY = "1,2";
				TEST_TARGET_NAME = "AboutMe Lab";
			};
			name = Release;
		};
/* End XCBuildConfiguration section */

/* Begin XCConfigurationList section */
		7E4A38D72991696900928DCB /* Build configuration list for PBXProject "AboutMe Lab" */ = {
			isa = XCConfigurationList;
			buildConfigurations = (
				7E4A39042991696B00928DCB /* Debug */,
				7E4A39052991696B00928DCB /* Release */,
			);
			defaultConfigurationIsVisible = 0;
			defaultConfigurationName = Release;
		};
		7E4A39062991696B00928DCB /* Build configuration list for PBXNativeTarget "AboutMe Lab" */ = {
			isa = XCConfigurationList;
			buildConfigurations = (
				7E4A39072991696B00928DCB /* Debug */,
				7E4A39082991696B00928DCB /* Release */,
			);
			defaultConfigurationIsVisible = 0;
			defaultConfigurationName = Release;
		};
		7E4A39092991696B00928DCB /* Build configuration list for PBXNativeTarget "AboutMe LabTests" */ = {
			isa = XCConfigurationList;
			buildConfigurations = (
				7E4A390A2991696B00928DCB /* Debug */,
				7E4A390B2991696B00928DCB /* Release */,
			);
			defaultConfigurationIsVisible = 0;
			defaultConfigurationName = Release;
		};
		7E4A390C2991696B00928DCB /* Build configuration list for PBXNativeTarget "AboutMe LabUITests" */ = {
			isa = XCConfigurationList;
			buildConfigurations = (
				7E4A390D2991696B00928DCB /* Debug */,
				7E4A390E2991696B00928DCB /* Release */,
			);
			defaultConfigurationIsVisible = 0;
			defaultConfigurationName = Release;
		};
/* End XCConfigurationList section */
	};
	rootObject = 7E4A38D42991696900928DCB /* Project object */;
}
